
Microsoft Visual Studio Solution File, Format Version 12.00
# Visual Studio Version 16
VisualStudioVersion = 16.0.32126.315
MinimumVisualStudioVersion = 10.0.40219.1
Project("{9A19103F-16F7-4668-BE54-9A1E7A4F7556}") = "data-structure-1", "data-structure-1\data-structure-1.csproj", "{DC5842C4-D956-48A5-9827-080E66F25CB1}"
EndProject
Project("{9A19103F-16F7-4668-BE54-9A1E7A4F7556}") = "veri-yapıları-1", "veri-yapıları-1\veri-yapıları-1.csproj", "{4AC96C32-9F54-4ACC-9D20-A89BBC0A94CA}"
EndProject
Project("{FAE04EC0-301F-11D3-BF4B-00C04F79EFBC}") = "veri-yapıları-2", "veri-yapıları-2\veri-yapıları-2.csproj", "{F5D77FB1-4C7C-4B8C-831C-D96572FBCAB5}"
EndProject
Project("{9A19103F-16F7-4668-BE54-9A1E7A4F7556}") = "veri-yapıları-3", "veri-yapıları-3\veri-yapıları-3.csproj", "{6F20EC81-E750-4CB7-889F-06CE0016D51C}"
EndProject
Project("{9A19103F-16F7-4668-BE54-9A1E7A4F7556}") = "veri-yapıları-4", "veri-yapıları-4\veri-yapıları-4.csproj", "{DD0CF041-AD48-445C-9A74-483155C75B24}"
EndProject
Project("{FAE04EC0-301F-11D3-BF4B-00C04F79EFBC}") = "veri-yapıları-5", "veri-yapıları-5\veri-yapıları-5.csproj", "{DD9EEC71-1D8E-44A5-B08E-1926A63873CE}"
EndProject
Global
	GlobalSection(SolutionConfigurationPlatforms) = preSolution
		Debug|Any CPU = Debug|Any CPU
		Release|Any CPU = Release|Any CPU
	EndGlobalSection
	GlobalSection(ProjectConfigurationPlatforms) = postSolution
		{DC5842C4-D956-48A5-9827-080E66F25CB1}.Debug|Any CPU.ActiveCfg = Debug|Any CPU
		{DC5842C4-D956-48A5-9827-080E66F25CB1}.Debug|Any CPU.Build.0 = Debug|Any CPU
		{DC5842C4-D956-48A5-9827-080E66F25CB1}.Release|Any CPU.ActiveCfg = Release|Any CPU
		{DC5842C4-D956-48A5-9827-080E66F25CB1}.Release|Any CPU.Build.0 = Release|Any CPU
		{4AC96C32-9F54-4ACC-9D20-A89BBC0A94CA}.Debug|Any CPU.ActiveCfg = Debug|Any CPU
		{4AC96C32-9F54-4ACC-9D20-A89BBC0A94CA}.Debug|Any CPU.Build.0 = Debug|Any CPU
		{4AC96C32-9F54-4ACC-9D20-A89BBC0A94CA}.Release|Any CPU.ActiveCfg = Release|Any CPU
		{4AC96C32-9F54-4ACC-9D20-A89BBC0A94CA}.Release|Any CPU.Build.0 = Release|Any CPU
		{F5D77FB1-4C7C-4B8C-831C-D96572FBCAB5}.Debug|Any CPU.ActiveCfg = Debug|Any CPU
		{F5D77FB1-4C7C-4B8C-831C-D96572FBCAB5}.Debug|Any CPU.Build.0 = Debug|Any CPU
		{F5D77FB1-4C7C-4B8C-831C-D96572FBCAB5}.Release|Any CPU.ActiveCfg = Release|Any CPU
		{F5D77FB1-4C7C-4B8C-831C-D96572FBCAB5}.Release|Any CPU.Build.0 = Release|Any CPU
		{6F20EC81-E750-4CB7-889F-06CE0016D51C}.Debug|Any CPU.ActiveCfg = Debug|Any CPU
		{6F20EC81-E750-4CB7-889F-06CE0016D51C}.Debug|Any CPU.Build.0 = Debug|Any CPU
		{6F20EC81-E750-4CB7-889F-06CE0016D51C}.Release|Any CPU.ActiveCfg = Release|Any CPU
		{6F20EC81-E750-4CB7-889F-06CE0016D51C}.Release|Any CPU.Build.0 = Release|Any CPU
		{DD0CF041-AD48-445C-9A74-483155C75B24}.Debug|Any CPU.ActiveCfg = Debug|Any CPU
		{DD0CF041-AD48-445C-9A74-483155C75B24}.Debug|Any CPU.Build.0 = Debug|Any CPU
		{DD0CF041-AD48-445C-9A74-483155C75B24}.Release|Any CPU.ActiveCfg = Release|Any CPU
		{DD0CF041-AD48-445C-9A74-483155C75B24}.Release|Any CPU.Build.0 = Release|Any CPU
		{DD9EEC71-1D8E-44A5-B08E-1926A63873CE}.Debug|Any CPU.ActiveCfg = Debug|Any CPU
		{DD9EEC71-1D8E-44A5-B08E-1926A63873CE}.Debug|Any CPU.Build.0 = Debug|Any CPU
		{DD9EEC71-1D8E-44A5-B08E-1926A63873CE}.Release|Any CPU.ActiveCfg = Release|Any CPU
		{DD9EEC71-1D8E-44A5-B08E-1926A63873CE}.Release|Any CPU.Build.0 = Release|Any CPU
	EndGlobalSection
	GlobalSection(SolutionProperties) = preSolution
		HideSolutionNode = FALSE
	EndGlobalSection
	GlobalSection(ExtensibilityGlobals) = postSolution
		SolutionGuid = {06D8C77F-4FB4-480E-BC1E-46D0E8E748E5}
	EndGlobalSection
EndGlobal
